
Microsoft Visual Studio Solution File, Format Version 12.00
# Visual Studio Version 16
VisualStudioVersion = 16.0.31129.286
MinimumVisualStudioVersion = 10.0.40219.1
Project("{9A19103F-16F7-4668-BE54-9A1E7A4F7556}") = "DevIO.Business", "..\..\..\Downloads\DevIO.ASPNET.MVC.Core-master\DevIO.ASPNET.MVC.Core-master\src\DevIO.Business\DevIO.Business.csproj", "{7D1AD46C-C418-4C94-9E59-09B2CA9A0C83}"
EndProject
Project("{9A19103F-16F7-4668-BE54-9A1E7A4F7556}") = "DevIO.Data", "..\..\..\Downloads\DevIO.ASPNET.MVC.Core-master\DevIO.ASPNET.MVC.Core-master\src\DevIO.Data\DevIO.Data.csproj", "{F6CC13B2-D3D9-4C3A-A95F-8F13F01CFC4D}"
EndProject
Global
	GlobalSection(SolutionConfigurationPlatforms) = preSolution
		Debug|Any CPU = Debug|Any CPU
		Release|Any CPU = Release|Any CPU
	EndGlobalSection
	GlobalSection(ProjectConfigurationPlatforms) = postSolution
		{7D1AD46C-C418-4C94-9E59-09B2CA9A0C83}.Debug|Any CPU.ActiveCfg = Debug|Any CPU
		{7D1AD46C-C418-4C94-9E59-09B2CA9A0C83}.Debug|Any CPU.Build.0 = Debug|Any CPU
		{7D1AD46C-C418-4C94-9E59-09B2CA9A0C83}.Release|Any CPU.ActiveCfg = Release|Any CPU
		{7D1AD46C-C418-4C94-9E59-09B2CA9A0C83}.Release|Any CPU.Build.0 = Release|Any CPU
		{F6CC13B2-D3D9-4C3A-A95F-8F13F01CFC4D}.Debug|Any CPU.ActiveCfg = Debug|Any CPU
		{F6CC13B2-D3D9-4C3A-A95F-8F13F01CFC4D}.Debug|Any CPU.Build.0 = Debug|Any CPU
		{F6CC13B2-D3D9-4C3A-A95F-8F13F01CFC4D}.Release|Any CPU.ActiveCfg = Release|Any CPU
		{F6CC13B2-D3D9-4C3A-A95F-8F13F01CFC4D}.Release|Any CPU.Build.0 = Release|Any CPU
	EndGlobalSection
	GlobalSection(SolutionProperties) = preSolution
		HideSolutionNode = FALSE
	EndGlobalSection
	GlobalSection(ExtensibilityGlobals) = postSolution
		SolutionGuid = {33C5727F-7AF6-4557-98D0-1A1EA1A9A59B}
	EndGlobalSection
EndGlobal
