
Microsoft Visual Studio Solution File, Format Version 12.00
# Visual Studio Version 16
VisualStudioVersion = 16.0.31129.286
MinimumVisualStudioVersion = 10.0.40219.1
Project("{9A19103F-16F7-4668-BE54-9A1E7A4F7556}") = "SuppliersService.Data", "src\SuppliersService.Data\SuppliersService.Data.csproj", "{5672C769-6FE7-4B27-A70B-2FA3539ECF57}"
EndProject
Project("{9A19103F-16F7-4668-BE54-9A1E7A4F7556}") = "SuppliersService.Business", "src\SuppliersService.Business\SuppliersService.Business.csproj", "{6414C8FF-4259-4574-917D-15792DBEAB0E}"
EndProject
Project("{FAE04EC0-301F-11D3-BF4B-00C04F79EFBC}") = "SuppliersService.Api", "src\SuppliersService.Api\SuppliersService.Api.csproj", "{D55ABAC4-CF3B-422A-8C32-5BC5CD7A0EC9}"
EndProject
Global
	GlobalSection(SolutionConfigurationPlatforms) = preSolution
		Debug|Any CPU = Debug|Any CPU
		Release|Any CPU = Release|Any CPU
	EndGlobalSection
	GlobalSection(ProjectConfigurationPlatforms) = postSolution
		{5672C769-6FE7-4B27-A70B-2FA3539ECF57}.Debug|Any CPU.ActiveCfg = Debug|Any CPU
		{5672C769-6FE7-4B27-A70B-2FA3539ECF57}.Debug|Any CPU.Build.0 = Debug|Any CPU
		{5672C769-6FE7-4B27-A70B-2FA3539ECF57}.Release|Any CPU.ActiveCfg = Release|Any CPU
		{5672C769-6FE7-4B27-A70B-2FA3539ECF57}.Release|Any CPU.Build.0 = Release|Any CPU
		{6414C8FF-4259-4574-917D-15792DBEAB0E}.Debug|Any CPU.ActiveCfg = Debug|Any CPU
		{6414C8FF-4259-4574-917D-15792DBEAB0E}.Debug|Any CPU.Build.0 = Debug|Any CPU
		{6414C8FF-4259-4574-917D-15792DBEAB0E}.Release|Any CPU.ActiveCfg = Release|Any CPU
		{6414C8FF-4259-4574-917D-15792DBEAB0E}.Release|Any CPU.Build.0 = Release|Any CPU
		{D55ABAC4-CF3B-422A-8C32-5BC5CD7A0EC9}.Debug|Any CPU.ActiveCfg = Debug|Any CPU
		{D55ABAC4-CF3B-422A-8C32-5BC5CD7A0EC9}.Debug|Any CPU.Build.0 = Debug|Any CPU
		{D55ABAC4-CF3B-422A-8C32-5BC5CD7A0EC9}.Release|Any CPU.ActiveCfg = Release|Any CPU
		{D55ABAC4-CF3B-422A-8C32-5BC5CD7A0EC9}.Release|Any CPU.Build.0 = Release|Any CPU
	EndGlobalSection
	GlobalSection(SolutionProperties) = preSolution
		HideSolutionNode = FALSE
	EndGlobalSection
	GlobalSection(ExtensibilityGlobals) = postSolution
		SolutionGuid = {33C5727F-7AF6-4557-98D0-1A1EA1A9A59B}
	EndGlobalSection
EndGlobal
